PODS:
  - Realm (4.4.0):
    - Realm/Headers (= 4.4.0)
  - Realm/Headers (4.4.0)
  - RealmSwift (4.4.0):
    - Realm (= 4.4.0)
  - RxCocoa (5.1.1):
    - RxRelay (~> 5)
    - RxSwift (~> 5)
  - RxRelay (5.1.1):
    - RxSwift (~> 5)
  - RxSwift (5.1.1)
  - SnapKit (5.0.1)
  - SwiftGen (6.1.0)
  - SwiftLint (0.39.2)

DEPENDENCIES:
  - RealmSwift (~> 4.4)
  - RxCocoa (~> 5.1)
  - RxSwift (~> 5.1)
  - SnapKit (~> 5.0)
  - SwiftGen (~> 6.1)
  - SwiftLint (~> 0.39)

SPEC REPOS:
  trunk:
    - Realm
    - RealmSwift
    - RxCocoa
    - RxRelay
    - RxSwift
    - SnapKit
    - SwiftGen
    - SwiftLint

SPEC CHECKSUMS:
  Realm: e125f464884cda953ebefe70c671b75b03b81b9b
  RealmSwift: 33656a42bd300959a081fc13347376bc478071af
  RxCocoa: 32065309a38d29b5b0db858819b5bf9ef038b601
  RxRelay: d77f7d771495f43c556cbc43eebd1bb54d01e8e9
  RxSwift: 81470a2074fa8780320ea5fe4102807cb7118178
  SnapKit: 97b92857e3df3a0c71833cce143274bf6ef8e5eb
  SwiftGen: f872ca75cbd17bf7103c17f13dcfa0d9a15667b0
  SwiftLint: 22ccbbe3b8008684be5955693bab135e0ed6a447

PODFILE CHECKSUM: 29c415962820e054cd50bd8f8055d51369d654c4

COCOAPODS: 1.9.1
