// !$*UTF8*$!
{
	archiveVersion = 1;
	classes = {
	};
	objectVersion = 51;
	objects = {

/* Begin PBXBuildFile section */
		24502EBD5076335F58AA4DFD /* Pods_LazyPomodoroTests.framework in Frameworks */ = {isa = PBXBuildFile; fileRef = 5BCD99B9A2E66E5A0500CE07 /* Pods_LazyPomodoroTests.framework */; };
		2D5EDDDAF87AC7C18C1719BA /* Pods_LazyPomodoroUITests.framework in Frameworks */ = {isa = PBXBuildFile; fileRef = FE2CF45D22C9ACB3327CB819 /* Pods_LazyPomodoroUITests.framework */; };
		3F002F1A222F8F0F00B53C34 /* BindableTypeProtocol.swift in Sources */ = {isa = PBXBuildFile; fileRef = 3F002F19222F8F0F00B53C34 /* BindableTypeProtocol.swift */; };
		3F1CBA8F222BA75400821988 /* AppDelegate.swift in Sources */ = {isa = PBXBuildFile; fileRef = 3F1CBA8E222BA75400821988 /* AppDelegate.swift */; };
		3F1CBA94222BA75400821988 /* Main.storyboard in Resources */ = {isa = PBXBuildFile; fileRef = 3F1CBA92222BA75400821988 /* Main.storyboard */; };
		3F1CBA96222BA75400821988 /* Assets.xcassets in Resources */ = {isa = PBXBuildFile; fileRef = 3F1CBA95222BA75400821988 /* Assets.xcassets */; };
		3F1CBA99222BA75400821988 /* LaunchScreen.storyboard in Resources */ = {isa = PBXBuildFile; fileRef = 3F1CBA97222BA75400821988 /* LaunchScreen.storyboard */; };
		3F1CBAA4222BA75400821988 /* LazyPomodoroTests.swift in Sources */ = {isa = PBXBuildFile; fileRef = 3F1CBAA3222BA75400821988 /* LazyPomodoroTests.swift */; };
		3F1CBAAF222BA75400821988 /* LazyPomodoroUITests.swift in Sources */ = {isa = PBXBuildFile; fileRef = 3F1CBAAE222BA75400821988 /* LazyPomodoroUITests.swift */; };
		3F20AE1D222D826200DB0A87 /* StandardButton.swift in Sources */ = {isa = PBXBuildFile; fileRef = 3F20AE1C222D826200DB0A87 /* StandardButton.swift */; };
		3F20AE1F222D83AB00DB0A87 /* ProgressStackView.swift in Sources */ = {isa = PBXBuildFile; fileRef = 3F20AE1E222D83AB00DB0A87 /* ProgressStackView.swift */; };
		3F44A19322B29F1800DCB738 /* Log.swift in Sources */ = {isa = PBXBuildFile; fileRef = 3F44A19222B29F1800DCB738 /* Log.swift */; };
		3F96E5DA2242A81C0094A6A9 /* String+Formatting.swift in Sources */ = {isa = PBXBuildFile; fileRef = 3F96E5D92242A81C0094A6A9 /* String+Formatting.swift */; };
		3F96E5DC2242A9A90094A6A9 /* ProgressStackViewModelProtocol.swift in Sources */ = {isa = PBXBuildFile; fileRef = 3F96E5DB2242A9A90094A6A9 /* ProgressStackViewModelProtocol.swift */; };
		3F96E5DF2242AB740094A6A9 /* TodayProgressStackViewModel.swift in Sources */ = {isa = PBXBuildFile; fileRef = 3F96E5DE2242AB740094A6A9 /* TodayProgressStackViewModel.swift */; };
		3F96E5E12242ACA90094A6A9 /* GoalProgressStackViewModel.swift in Sources */ = {isa = PBXBuildFile; fileRef = 3F96E5E02242ACA90094A6A9 /* GoalProgressStackViewModel.swift */; };
		3F9A29AA2231181F0006A3A4 /* Project.swift in Sources */ = {isa = PBXBuildFile; fileRef = 3F9A29A92231181F0006A3A4 /* Project.swift */; };
		3FC01B1722A420F3003ECFD9 /* StatisticsControllerViewModel.swift in Sources */ = {isa = PBXBuildFile; fileRef = 3FC01B1622A420F3003ECFD9 /* StatisticsControllerViewModel.swift */; };
		3FC01B1922A42146003ECFD9 /* StatisticsViewController.swift in Sources */ = {isa = PBXBuildFile; fileRef = 3FC01B1822A42146003ECFD9 /* StatisticsViewController.swift */; };
		3FC01B1D22A428C7003ECFD9 /* ProjectsControllerViewModel.swift in Sources */ = {isa = PBXBuildFile; fileRef = 3FC01B1C22A428C7003ECFD9 /* ProjectsControllerViewModel.swift */; };
		3FC01B1F22A428E0003ECFD9 /* SettingsControllerViewModel.swift in Sources */ = {isa = PBXBuildFile; fileRef = 3FC01B1E22A428E0003ECFD9 /* SettingsControllerViewModel.swift */; };
		3FC01B2122A42953003ECFD9 /* ProjectsViewController.swift in Sources */ = {isa = PBXBuildFile; fileRef = 3FC01B2022A42953003ECFD9 /* ProjectsViewController.swift */; };
		3FC01B2322A4296B003ECFD9 /* SettingsViewController.swift in Sources */ = {isa = PBXBuildFile; fileRef = 3FC01B2222A4296B003ECFD9 /* SettingsViewController.swift */; };
		3FC5E2EF224561490057D979 /* ProgressService.swift in Sources */ = {isa = PBXBuildFile; fileRef = 3FC5E2EE224561490057D979 /* ProgressService.swift */; };
		3FDA05B4222E431700D65C51 /* Scene.swift in Sources */ = {isa = PBXBuildFile; fileRef = 3FDA05B3222E431700D65C51 /* Scene.swift */; };
		3FDA05B7222E440900D65C51 /* TimerControllerViewModel.swift in Sources */ = {isa = PBXBuildFile; fileRef = 3FDA05B6222E440900D65C51 /* TimerControllerViewModel.swift */; };
		3FDA05BB222E453F00D65C51 /* TimersViewController.swift in Sources */ = {isa = PBXBuildFile; fileRef = 3FDA05BA222E453F00D65C51 /* TimersViewController.swift */; };
		3FDA05BD222E45FB00D65C51 /* ScenesRouter.swift in Sources */ = {isa = PBXBuildFile; fileRef = 3FDA05BC222E45FB00D65C51 /* ScenesRouter.swift */; };
		3FDA05BF222E472A00D65C51 /* SceneTransitionType.swift in Sources */ = {isa = PBXBuildFile; fileRef = 3FDA05BE222E472A00D65C51 /* SceneTransitionType.swift */; };
		3FE6CD58222BE013006B1C4A /* UIColor+AppStyle.swift in Sources */ = {isa = PBXBuildFile; fileRef = 3FE6CD57222BE013006B1C4A /* UIColor+AppStyle.swift */; };
		3FE6CD5A222BE54B006B1C4A /* UIView+AppStyle.swift in Sources */ = {isa = PBXBuildFile; fileRef = 3FE6CD59222BE54B006B1C4A /* UIView+AppStyle.swift */; };
		3FE6CD5C222BECD4006B1C4A /* UIFont+AppStyles.swift in Sources */ = {isa = PBXBuildFile; fileRef = 3FE6CD5B222BECD4006B1C4A /* UIFont+AppStyles.swift */; };
		3FFCF51322394C2100F5E552 /* TimerProgressStackViewModel.swift in Sources */ = {isa = PBXBuildFile; fileRef = 3FFCF51222394C2100F5E552 /* TimerProgressStackViewModel.swift */; };
		3FFCF51522394D1D00F5E552 /* ModeViewModel.swift in Sources */ = {isa = PBXBuildFile; fileRef = 3FFCF51422394D1D00F5E552 /* ModeViewModel.swift */; };
		3FFCF517223950E000F5E552 /* ScenesProvider.swift in Sources */ = {isa = PBXBuildFile; fileRef = 3FFCF516223950E000F5E552 /* ScenesProvider.swift */; };
		3FFCF519223950EA00F5E552 /* ViewModelsProvider.swift in Sources */ = {isa = PBXBuildFile; fileRef = 3FFCF518223950EA00F5E552 /* ViewModelsProvider.swift */; };
		3FFCF51C2239514500F5E552 /* ServicesProvider.swift in Sources */ = {isa = PBXBuildFile; fileRef = 3FFCF51B2239514500F5E552 /* ServicesProvider.swift */; };
		3FFCF51E223951E400F5E552 /* ViewModelProtocol.swift in Sources */ = {isa = PBXBuildFile; fileRef = 3FFCF51D223951E400F5E552 /* ViewModelProtocol.swift */; };
		3FFCF5212239569A00F5E552 /* TimerService.swift in Sources */ = {isa = PBXBuildFile; fileRef = 3FFCF5202239569A00F5E552 /* TimerService.swift */; };
		8AE1678B2195F77D88046AC5 /* Pods_LazyPomodoro.framework in Frameworks */ = {isa = PBXBuildFile; fileRef = 7C5D57ADD9F1CE52B8A31FF5 /* Pods_LazyPomodoro.framework */; };
/* End PBXBuildFile section */

/* Begin PBXContainerItemProxy section */
		3F1CBAA0222BA75400821988 /* PBXContainerItemProxy */ = {
			isa = PBXContainerItemProxy;
			containerPortal = 3F1CBA83222BA75400821988 /* Project object */;
			proxyType = 1;
			remoteGlobalIDString = 3F1CBA8A222BA75400821988;
			remoteInfo = LazyPomodoro;
		};
		3F1CBAAB222BA75400821988 /* PBXContainerItemProxy */ = {
			isa = PBXContainerItemProxy;
			containerPortal = 3F1CBA83222BA75400821988 /* Project object */;
			proxyType = 1;
			remoteGlobalIDString = 3F1CBA8A222BA75400821988;
			remoteInfo = LazyPomodoro;
		};
/* End PBXContainerItemProxy section */

/* Begin PBXFileReference section */
		3F002F19222F8F0F00B53C34 /* BindableTypeProtocol.swift */ = {isa = PBXFileReference; lastKnownFileType = sourcecode.swift; path = BindableTypeProtocol.swift; sourceTree = "<group>"; };
		3F1CBA8B222BA75400821988 /* LazyPomodoro.app */ = {isa = PBXFileReference; explicitFileType = wrapper.application; includeInIndex = 0; path = LazyPomodoro.app; sourceTree = BUILT_PRODUCTS_DIR; };
		3F1CBA8E222BA75400821988 /* AppDelegate.swift */ = {isa = PBXFileReference; lastKnownFileType = sourcecode.swift; path = AppDelegate.swift; sourceTree = "<group>"; };
		3F1CBA93222BA75400821988 /* Base */ = {isa = PBXFileReference; lastKnownFileType = file.storyboard; name = Base; path = Base.lproj/Main.storyboard; sourceTree = "<group>"; };
		3F1CBA95222BA75400821988 /* Assets.xcassets */ = {isa = PBXFileReference; lastKnownFileType = folder.assetcatalog; path = Assets.xcassets; sourceTree = "<group>"; };
		3F1CBA98222BA75400821988 /* Base */ = {isa = PBXFileReference; lastKnownFileType = file.storyboard; name = Base; path = Base.lproj/LaunchScreen.storyboard; sourceTree = "<group>"; };
		3F1CBA9A222BA75400821988 /* Info.plist */ = {isa = PBXFileReference; lastKnownFileType = text.plist.xml; path = Info.plist; sourceTree = "<group>"; };
		3F1CBA9F222BA75400821988 /* LazyPomodoroTests.xctest */ = {isa = PBXFileReference; explicitFileType = wrapper.cfbundle; includeInIndex = 0; path = LazyPomodoroTests.xctest; sourceTree = BUILT_PRODUCTS_DIR; };
		3F1CBAA3222BA75400821988 /* LazyPomodoroTests.swift */ = {isa = PBXFileReference; lastKnownFileType = sourcecode.swift; path = LazyPomodoroTests.swift; sourceTree = "<group>"; };
		3F1CBAA5222BA75400821988 /* Info.plist */ = {isa = PBXFileReference; lastKnownFileType = text.plist.xml; path = Info.plist; sourceTree = "<group>"; };
		3F1CBAAA222BA75400821988 /* LazyPomodoroUITests.xctest */ = {isa = PBXFileReference; explicitFileType = wrapper.cfbundle; includeInIndex = 0; path = LazyPomodoroUITests.xctest; sourceTree = BUILT_PRODUCTS_DIR; };
		3F1CBAAE222BA75400821988 /* LazyPomodoroUITests.swift */ = {isa = PBXFileReference; lastKnownFileType = sourcecode.swift; path = LazyPomodoroUITests.swift; sourceTree = "<group>"; };
		3F1CBAB0222BA75400821988 /* Info.plist */ = {isa = PBXFileReference; lastKnownFileType = text.plist.xml; path = Info.plist; sourceTree = "<group>"; };
		3F20AE1C222D826200DB0A87 /* StandardButton.swift */ = {isa = PBXFileReference; lastKnownFileType = sourcecode.swift; path = StandardButton.swift; sourceTree = "<group>"; };
		3F20AE1E222D83AB00DB0A87 /* ProgressStackView.swift */ = {isa = PBXFileReference; lastKnownFileType = sourcecode.swift; path = ProgressStackView.swift; sourceTree = "<group>"; };
		3F44A19222B29F1800DCB738 /* Log.swift */ = {isa = PBXFileReference; lastKnownFileType = sourcecode.swift; path = Log.swift; sourceTree = "<group>"; };
		3F96E5D92242A81C0094A6A9 /* String+Formatting.swift */ = {isa = PBXFileReference; lastKnownFileType = sourcecode.swift; path = "String+Formatting.swift"; sourceTree = "<group>"; };
		3F96E5DB2242A9A90094A6A9 /* ProgressStackViewModelProtocol.swift */ = {isa = PBXFileReference; lastKnownFileType = sourcecode.swift; path = ProgressStackViewModelProtocol.swift; sourceTree = "<group>"; };
		3F96E5DE2242AB740094A6A9 /* TodayProgressStackViewModel.swift */ = {isa = PBXFileReference; lastKnownFileType = sourcecode.swift; path = TodayProgressStackViewModel.swift; sourceTree = "<group>"; };
		3F96E5E02242ACA90094A6A9 /* GoalProgressStackViewModel.swift */ = {isa = PBXFileReference; lastKnownFileType = sourcecode.swift; path = GoalProgressStackViewModel.swift; sourceTree = "<group>"; };
		3F9A29A92231181F0006A3A4 /* Project.swift */ = {isa = PBXFileReference; lastKnownFileType = sourcecode.swift; path = Project.swift; sourceTree = "<group>"; };
		3FC01B1622A420F3003ECFD9 /* StatisticsControllerViewModel.swift */ = {isa = PBXFileReference; lastKnownFileType = sourcecode.swift; path = StatisticsControllerViewModel.swift; sourceTree = "<group>"; };
		3FC01B1822A42146003ECFD9 /* StatisticsViewController.swift */ = {isa = PBXFileReference; lastKnownFileType = sourcecode.swift; path = StatisticsViewController.swift; sourceTree = "<group>"; };
		3FC01B1C22A428C7003ECFD9 /* ProjectsControllerViewModel.swift */ = {isa = PBXFileReference; lastKnownFileType = sourcecode.swift; path = ProjectsControllerViewModel.swift; sourceTree = "<group>"; };
		3FC01B1E22A428E0003ECFD9 /* SettingsControllerViewModel.swift */ = {isa = PBXFileReference; lastKnownFileType = sourcecode.swift; path = SettingsControllerViewModel.swift; sourceTree = "<group>"; };
		3FC01B2022A42953003ECFD9 /* ProjectsViewController.swift */ = {isa = PBXFileReference; lastKnownFileType = sourcecode.swift; path = ProjectsViewController.swift; sourceTree = "<group>"; };
		3FC01B2222A4296B003ECFD9 /* SettingsViewController.swift */ = {isa = PBXFileReference; lastKnownFileType = sourcecode.swift; path = SettingsViewController.swift; sourceTree = "<group>"; };
		3FC5E2EE224561490057D979 /* ProgressService.swift */ = {isa = PBXFileReference; lastKnownFileType = sourcecode.swift; path = ProgressService.swift; sourceTree = "<group>"; };
		3FDA05B3222E431700D65C51 /* Scene.swift */ = {isa = PBXFileReference; lastKnownFileType = sourcecode.swift; path = Scene.swift; sourceTree = "<group>"; };
		3FDA05B6222E440900D65C51 /* TimerControllerViewModel.swift */ = {isa = PBXFileReference; lastKnownFileType = sourcecode.swift; path = TimerControllerViewModel.swift; sourceTree = "<group>"; };
		3FDA05BA222E453F00D65C51 /* TimersViewController.swift */ = {isa = PBXFileReference; lastKnownFileType = sourcecode.swift; path = TimersViewController.swift; sourceTree = "<group>"; };
		3FDA05BC222E45FB00D65C51 /* ScenesRouter.swift */ = {isa = PBXFileReference; lastKnownFileType = sourcecode.swift; path = ScenesRouter.swift; sourceTree = "<group>"; };
		3FDA05BE222E472A00D65C51 /* SceneTransitionType.swift */ = {isa = PBXFileReference; lastKnownFileType = sourcecode.swift; path = SceneTransitionType.swift; sourceTree = "<group>"; };
		3FE6CD57222BE013006B1C4A /* UIColor+AppStyle.swift */ = {isa = PBXFileReference; lastKnownFileType = sourcecode.swift; path = "UIColor+AppStyle.swift"; sourceTree = "<group>"; };
		3FE6CD59222BE54B006B1C4A /* UIView+AppStyle.swift */ = {isa = PBXFileReference; lastKnownFileType = sourcecode.swift; path = "UIView+AppStyle.swift"; sourceTree = "<group>"; };
		3FE6CD5B222BECD4006B1C4A /* UIFont+AppStyles.swift */ = {isa = PBXFileReference; lastKnownFileType = sourcecode.swift; path = "UIFont+AppStyles.swift"; sourceTree = "<group>"; };
		3FFCF51222394C2100F5E552 /* TimerProgressStackViewModel.swift */ = {isa = PBXFileReference; lastKnownFileType = sourcecode.swift; path = TimerProgressStackViewModel.swift; sourceTree = "<group>"; };
		3FFCF51422394D1D00F5E552 /* ModeViewModel.swift */ = {isa = PBXFileReference; lastKnownFileType = sourcecode.swift; path = ModeViewModel.swift; sourceTree = "<group>"; };
		3FFCF516223950E000F5E552 /* ScenesProvider.swift */ = {isa = PBXFileReference; lastKnownFileType = sourcecode.swift; path = ScenesProvider.swift; sourceTree = "<group>"; };
		3FFCF518223950EA00F5E552 /* ViewModelsProvider.swift */ = {isa = PBXFileReference; lastKnownFileType = sourcecode.swift; path = ViewModelsProvider.swift; sourceTree = "<group>"; };
		3FFCF51B2239514500F5E552 /* ServicesProvider.swift */ = {isa = PBXFileReference; lastKnownFileType = sourcecode.swift; path = ServicesProvider.swift; sourceTree = "<group>"; };
		3FFCF51D223951E400F5E552 /* ViewModelProtocol.swift */ = {isa = PBXFileReference; lastKnownFileType = sourcecode.swift; path = ViewModelProtocol.swift; sourceTree = "<group>"; };
		3FFCF5202239569A00F5E552 /* TimerService.swift */ = {isa = PBXFileReference; lastKnownFileType = sourcecode.swift; path = TimerService.swift; sourceTree = "<group>"; };
		435770F8BA117F49406500D6 /* Pods-LazyPomodoro.release.xcconfig */ = {isa = PBXFileReference; includeInIndex = 1; lastKnownFileType = text.xcconfig; name = "Pods-LazyPomodoro.release.xcconfig"; path = "Target Support Files/Pods-LazyPomodoro/Pods-LazyPomodoro.release.xcconfig"; sourceTree = "<group>"; };
		4F22ACE051B63520D0448E5F /* Pods-LazyPomodoroTests.release.xcconfig */ = {isa = PBXFileReference; includeInIndex = 1; lastKnownFileType = text.xcconfig; name = "Pods-LazyPomodoroTests.release.xcconfig"; path = "Target Support Files/Pods-LazyPomodoroTests/Pods-LazyPomodoroTests.release.xcconfig"; sourceTree = "<group>"; };
		5BCD99B9A2E66E5A0500CE07 /* Pods_LazyPomodoroTests.framework */ = {isa = PBXFileReference; explicitFileType = wrapper.framework; includeInIndex = 0; path = Pods_LazyPomodoroTests.framework; sourceTree = BUILT_PRODUCTS_DIR; };
		6CA7E71FA5FAA126ACBF1E4F /* Pods-LazyPomodoro.debug.xcconfig */ = {isa = PBXFileReference; includeInIndex = 1; lastKnownFileType = text.xcconfig; name = "Pods-LazyPomodoro.debug.xcconfig"; path = "Target Support Files/Pods-LazyPomodoro/Pods-LazyPomodoro.debug.xcconfig"; sourceTree = "<group>"; };
		7C5D57ADD9F1CE52B8A31FF5 /* Pods_LazyPomodoro.framework */ = {isa = PBXFileReference; explicitFileType = wrapper.framework; includeInIndex = 0; path = Pods_LazyPomodoro.framework; sourceTree = BUILT_PRODUCTS_DIR; };
		9F1F6DEC28F2EC992CD714B5 /* Pods-LazyPomodoroUITests.release.xcconfig */ = {isa = PBXFileReference; includeInIndex = 1; lastKnownFileType = text.xcconfig; name = "Pods-LazyPomodoroUITests.release.xcconfig"; path = "Target Support Files/Pods-LazyPomodoroUITests/Pods-LazyPomodoroUITests.release.xcconfig"; sourceTree = "<group>"; };
		D2BC73962B5835702F448242 /* Pods-LazyPomodoroUITests.debug.xcconfig */ = {isa = PBXFileReference; includeInIndex = 1; lastKnownFileType = text.xcconfig; name = "Pods-LazyPomodoroUITests.debug.xcconfig"; path = "Target Support Files/Pods-LazyPomodoroUITests/Pods-LazyPomodoroUITests.debug.xcconfig"; sourceTree = "<group>"; };
		D6A86C20FA8B43C4E2B1C152 /* Pods-LazyPomodoroTests.debug.xcconfig */ = {isa = PBXFileReference; includeInIndex = 1; lastKnownFileType = text.xcconfig; name = "Pods-LazyPomodoroTests.debug.xcconfig"; path = "Target Support Files/Pods-LazyPomodoroTests/Pods-LazyPomodoroTests.debug.xcconfig"; sourceTree = "<group>"; };
		FE2CF45D22C9ACB3327CB819 /* Pods_LazyPomodoroUITests.framework */ = {isa = PBXFileReference; explicitFileType = wrapper.framework; includeInIndex = 0; path = Pods_LazyPomodoroUITests.framework; sourceTree = BUILT_PRODUCTS_DIR; };
/* End PBXFileReference section */

/* Begin PBXFrameworksBuildPhase section */
		3F1CBA88222BA75400821988 /* Frameworks */ = {
			isa = PBXFrameworksBuildPhase;
			buildActionMask = 2147483647;
			files = (
				8AE1678B2195F77D88046AC5 /* Pods_LazyPomodoro.framework in Frameworks */,
			);
			runOnlyForDeploymentPostprocessing = 0;
		};
		3F1CBA9C222BA75400821988 /* Frameworks */ = {
			isa = PBXFrameworksBuildPhase;
			buildActionMask = 2147483647;
			files = (
				24502EBD5076335F58AA4DFD /* Pods_LazyPomodoroTests.framework in Frameworks */,
			);
			runOnlyForDeploymentPostprocessing = 0;
		};
		3F1CBAA7222BA75400821988 /* Frameworks */ = {
			isa = PBXFrameworksBuildPhase;
			buildActionMask = 2147483647;
			files = (
				2D5EDDDAF87AC7C18C1719BA /* Pods_LazyPomodoroUITests.framework in Frameworks */,
			);
			runOnlyForDeploymentPostprocessing = 0;
		};
/* End PBXFrameworksBuildPhase section */

/* Begin PBXGroup section */
		3F002F18222F8F0400B53C34 /* Protocols */ = {
			isa = PBXGroup;
			children = (
				3F002F19222F8F0F00B53C34 /* BindableTypeProtocol.swift */,
				3FFCF51D223951E400F5E552 /* ViewModelProtocol.swift */,
				3F96E5DB2242A9A90094A6A9 /* ProgressStackViewModelProtocol.swift */,
			);
			path = Protocols;
			sourceTree = "<group>";
		};
		3F1CBA82222BA75400821988 = {
			isa = PBXGroup;
			children = (
				3F1CBA8D222BA75400821988 /* LazyPomodoro */,
				3F1CBAA2222BA75400821988 /* LazyPomodoroTests */,
				3F1CBAAD222BA75400821988 /* LazyPomodoroUITests */,
				3F1CBA8C222BA75400821988 /* Products */,
				D725EEA4E2B71BE2B5597E5B /* Pods */,
				40EF7AD40A84540B1009C3BA /* Frameworks */,
			);
			sourceTree = "<group>";
		};
		3F1CBA8C222BA75400821988 /* Products */ = {
			isa = PBXGroup;
			children = (
				3F1CBA8B222BA75400821988 /* LazyPomodoro.app */,
				3F1CBA9F222BA75400821988 /* LazyPomodoroTests.xctest */,
				3F1CBAAA222BA75400821988 /* LazyPomodoroUITests.xctest */,
			);
			name = Products;
			sourceTree = "<group>";
		};
		3F1CBA8D222BA75400821988 /* LazyPomodoro */ = {
			isa = PBXGroup;
			children = (
				3F44A19122B29F0C00DCB738 /* Utils */,
				3F1CBA8E222BA75400821988 /* AppDelegate.swift */,
				3F1CBA95222BA75400821988 /* Assets.xcassets */,
				3F1CBA9A222BA75400821988 /* Info.plist */,
				3F1CBA97222BA75400821988 /* LaunchScreen.storyboard */,
				3F1CBA92222BA75400821988 /* Main.storyboard */,
				3F96E5D82242A8020094A6A9 /* Extensions */,
				3F9A29A8223118110006A3A4 /* Model */,
				3F002F18222F8F0400B53C34 /* Protocols */,
				3FFCF51F223952C500F5E552 /* Providers */,
				3FDA05B2222E430C00D65C51 /* Scenes */,
				3FFCF51A2239513300F5E552 /* Services */,
				3FE6CD55222BDE2E006B1C4A /* ViewControllers */,
				3FDA05B5222E435A00D65C51 /* ViewModel */,
				3FEF8384222D7F590016A088 /* Views */,
			);
			path = LazyPomodoro;
			sourceTree = "<group>";
		};
		3F1CBAA2222BA75400821988 /* LazyPomodoroTests */ = {
			isa = PBXGroup;
			children = (
				3F1CBAA3222BA75400821988 /* LazyPomodoroTests.swift */,
				3F1CBAA5222BA75400821988 /* Info.plist */,
			);
			path = LazyPomodoroTests;
			sourceTree = "<group>";
		};
		3F1CBAAD222BA75400821988 /* LazyPomodoroUITests */ = {
			isa = PBXGroup;
			children = (
				3F1CBAAE222BA75400821988 /* LazyPomodoroUITests.swift */,
				3F1CBAB0222BA75400821988 /* Info.plist */,
			);
			path = LazyPomodoroUITests;
			sourceTree = "<group>";
		};
		3F20AE1B222D825500DB0A87 /* Buttons */ = {
			isa = PBXGroup;
			children = (
				3F20AE1C222D826200DB0A87 /* StandardButton.swift */,
			);
			path = Buttons;
			sourceTree = "<group>";
		};
		3F44A19122B29F0C00DCB738 /* Utils */ = {
			isa = PBXGroup;
			children = (
				3F44A19222B29F1800DCB738 /* Log.swift */,
			);
			path = Utils;
			sourceTree = "<group>";
		};
		3F96E5D82242A8020094A6A9 /* Extensions */ = {
			isa = PBXGroup;
			children = (
				3F96E5D92242A81C0094A6A9 /* String+Formatting.swift */,
				3FE6CD56222BDE3C006B1C4A /* StyleExtensions */,
			);
			path = Extensions;
			sourceTree = "<group>";
		};
		3F96E5DD2242AB4E0094A6A9 /* ProgressStackViewModels */ = {
			isa = PBXGroup;
			children = (
				3FFCF51222394C2100F5E552 /* TimerProgressStackViewModel.swift */,
				3F96E5DE2242AB740094A6A9 /* TodayProgressStackViewModel.swift */,
				3F96E5E02242ACA90094A6A9 /* GoalProgressStackViewModel.swift */,
			);
			path = ProgressStackViewModels;
			sourceTree = "<group>";
		};
		3F9A29A8223118110006A3A4 /* Model */ = {
			isa = PBXGroup;
			children = (
				3F9A29A92231181F0006A3A4 /* Project.swift */,
			);
			path = Model;
			sourceTree = "<group>";
		};
		3FC01B1522A420DB003ECFD9 /* ControllerViewModels */ = {
			isa = PBXGroup;
			children = (
				3FDA05B6222E440900D65C51 /* TimerControllerViewModel.swift */,
				3FC01B1622A420F3003ECFD9 /* StatisticsControllerViewModel.swift */,
				3FC01B1C22A428C7003ECFD9 /* ProjectsControllerViewModel.swift */,
				3FC01B1E22A428E0003ECFD9 /* SettingsControllerViewModel.swift */,
			);
			path = ControllerViewModels;
			sourceTree = "<group>";
		};
		3FDA05B2222E430C00D65C51 /* Scenes */ = {
			isa = PBXGroup;
			children = (
				3FDA05B3222E431700D65C51 /* Scene.swift */,
				3FDA05BC222E45FB00D65C51 /* ScenesRouter.swift */,
				3FDA05BE222E472A00D65C51 /* SceneTransitionType.swift */,
			);
			path = Scenes;
			sourceTree = "<group>";
		};
		3FDA05B5222E435A00D65C51 /* ViewModel */ = {
			isa = PBXGroup;
			children = (
				3FC01B1522A420DB003ECFD9 /* ControllerViewModels */,
				3F96E5DD2242AB4E0094A6A9 /* ProgressStackViewModels */,
				3FFCF51422394D1D00F5E552 /* ModeViewModel.swift */,
			);
			path = ViewModel;
			sourceTree = "<group>";
		};
		3FE6CD55222BDE2E006B1C4A /* ViewControllers */ = {
			isa = PBXGroup;
			children = (
				3FDA05BA222E453F00D65C51 /* TimersViewController.swift */,
				3FC01B1822A42146003ECFD9 /* StatisticsViewController.swift */,
				3FC01B2022A42953003ECFD9 /* ProjectsViewController.swift */,
				3FC01B2222A4296B003ECFD9 /* SettingsViewController.swift */,
			);
			path = ViewControllers;
			sourceTree = "<group>";
		};
		3FE6CD56222BDE3C006B1C4A /* StyleExtensions */ = {
			isa = PBXGroup;
			children = (
				3FEF838A222D7FAD0016A088 /* Views */,
				3FE6CD57222BE013006B1C4A /* UIColor+AppStyle.swift */,
				3FE6CD5B222BECD4006B1C4A /* UIFont+AppStyles.swift */,
			);
			path = StyleExtensions;
			sourceTree = "<group>";
		};
		3FEF8384222D7F590016A088 /* Views */ = {
			isa = PBXGroup;
			children = (
				3F20AE1B222D825500DB0A87 /* Buttons */,
				3F20AE1E222D83AB00DB0A87 /* ProgressStackView.swift */,
			);
			name = Views;
			path = "New Group";
			sourceTree = "<group>";
		};
		3FEF838A222D7FAD0016A088 /* Views */ = {
			isa = PBXGroup;
			children = (
				3FE6CD59222BE54B006B1C4A /* UIView+AppStyle.swift */,
			);
			path = Views;
			sourceTree = "<group>";
		};
		3FFCF51A2239513300F5E552 /* Services */ = {
			isa = PBXGroup;
			children = (
				3FFCF5202239569A00F5E552 /* TimerService.swift */,
				3FC5E2EE224561490057D979 /* ProgressService.swift */,
			);
			path = Services;
			sourceTree = "<group>";
		};
		3FFCF51F223952C500F5E552 /* Providers */ = {
			isa = PBXGroup;
			children = (
				3FFCF51B2239514500F5E552 /* ServicesProvider.swift */,
				3FFCF516223950E000F5E552 /* ScenesProvider.swift */,
				3FFCF518223950EA00F5E552 /* ViewModelsProvider.swift */,
			);
			path = Providers;
			sourceTree = "<group>";
		};
		40EF7AD40A84540B1009C3BA /* Frameworks */ = {
			isa = PBXGroup;
			children = (
				7C5D57ADD9F1CE52B8A31FF5 /* Pods_LazyPomodoro.framework */,
				5BCD99B9A2E66E5A0500CE07 /* Pods_LazyPomodoroTests.framework */,
				FE2CF45D22C9ACB3327CB819 /* Pods_LazyPomodoroUITests.framework */,
			);
			name = Frameworks;
			sourceTree = "<group>";
		};
		D725EEA4E2B71BE2B5597E5B /* Pods */ = {
			isa = PBXGroup;
			children = (
				6CA7E71FA5FAA126ACBF1E4F /* Pods-LazyPomodoro.debug.xcconfig */,
				435770F8BA117F49406500D6 /* Pods-LazyPomodoro.release.xcconfig */,
				D6A86C20FA8B43C4E2B1C152 /* Pods-LazyPomodoroTests.debug.xcconfig */,
				4F22ACE051B63520D0448E5F /* Pods-LazyPomodoroTests.release.xcconfig */,
				D2BC73962B5835702F448242 /* Pods-LazyPomodoroUITests.debug.xcconfig */,
				9F1F6DEC28F2EC992CD714B5 /* Pods-LazyPomodoroUITests.release.xcconfig */,
			);
			path = Pods;
			sourceTree = "<group>";
		};
/* End PBXGroup section */

/* Begin PBXNativeTarget section */
		3F1CBA8A222BA75400821988 /* LazyPomodoro */ = {
			isa = PBXNativeTarget;
			buildConfigurationList = 3F1CBAB3222BA75500821988 /* Build configuration list for PBXNativeTarget "LazyPomodoro" */;
			buildPhases = (
				0BA07661EF6AB3DB177D6FCB /* [CP] Check Pods Manifest.lock */,
				3F1CBA87222BA75400821988 /* Sources */,
				3F1CBA88222BA75400821988 /* Frameworks */,
				3F1CBA89222BA75400821988 /* Resources */,
				8656929AE16B073AB8BF04EA /* [CP] Embed Pods Frameworks */,
			);
			buildRules = (
			);
			dependencies = (
			);
			name = LazyPomodoro;
			productName = LazyPomodoro;
			productReference = 3F1CBA8B222BA75400821988 /* LazyPomodoro.app */;
			productType = "com.apple.product-type.application";
		};
		3F1CBA9E222BA75400821988 /* LazyPomodoroTests */ = {
			isa = PBXNativeTarget;
			buildConfigurationList = 3F1CBAB6222BA75500821988 /* Build configuration list for PBXNativeTarget "LazyPomodoroTests" */;
			buildPhases = (
				8F7D0CA6E992934A3D833079 /* [CP] Check Pods Manifest.lock */,
				3F1CBA9B222BA75400821988 /* Sources */,
				3F1CBA9C222BA75400821988 /* Frameworks */,
				3F1CBA9D222BA75400821988 /* Resources */,
			);
			buildRules = (
			);
			dependencies = (
				3F1CBAA1222BA75400821988 /* PBXTargetDependency */,
			);
			name = LazyPomodoroTests;
			productName = LazyPomodoroTests;
			productReference = 3F1CBA9F222BA75400821988 /* LazyPomodoroTests.xctest */;
			productType = "com.apple.product-type.bundle.unit-test";
		};
		3F1CBAA9222BA75400821988 /* LazyPomodoroUITests */ = {
			isa = PBXNativeTarget;
			buildConfigurationList = 3F1CBAB9222BA75500821988 /* Build configuration list for PBXNativeTarget "LazyPomodoroUITests" */;
			buildPhases = (
				977344FE0A8FBE039A3ED8B7 /* [CP] Check Pods Manifest.lock */,
				3F1CBAA6222BA75400821988 /* Sources */,
				3F1CBAA7222BA75400821988 /* Frameworks */,
				3F1CBAA8222BA75400821988 /* Resources */,
			);
			buildRules = (
			);
			dependencies = (
				3F1CBAAC222BA75400821988 /* PBXTargetDependency */,
			);
			name = LazyPomodoroUITests;
			productName = LazyPomodoroUITests;
			productReference = 3F1CBAAA222BA75400821988 /* LazyPomodoroUITests.xctest */;
			productType = "com.apple.product-type.bundle.ui-testing";
		};
/* End PBXNativeTarget section */

/* Begin PBXProject section */
		3F1CBA83222BA75400821988 /* Project object */ = {
			isa = PBXProject;
			attributes = {
				LastSwiftUpdateCheck = 1010;
				LastUpgradeCheck = 1010;
				ORGANIZATIONNAME = "Maria Saveleva";
				TargetAttributes = {
					3F1CBA8A222BA75400821988 = {
						CreatedOnToolsVersion = 10.1;
						LastSwiftMigration = 1020;
					};
					3F1CBA9E222BA75400821988 = {
						CreatedOnToolsVersion = 10.1;
						LastSwiftMigration = 1020;
						TestTargetID = 3F1CBA8A222BA75400821988;
					};
					3F1CBAA9222BA75400821988 = {
						CreatedOnToolsVersion = 10.1;
						LastSwiftMigration = 1020;
						TestTargetID = 3F1CBA8A222BA75400821988;
					};
				};
			};
			buildConfigurationList = 3F1CBA86222BA75400821988 /* Build configuration list for PBXProject "LazyPomodoro" */;
			compatibilityVersion = "Xcode 9.3";
			developmentRegion = en;
			hasScannedForEncodings = 0;
			knownRegions = (
				en,
				Base,
			);
			mainGroup = 3F1CBA82222BA75400821988;
			productRefGroup = 3F1CBA8C222BA75400821988 /* Products */;
			projectDirPath = "";
			projectRoot = "";
			targets = (
				3F1CBA8A222BA75400821988 /* LazyPomodoro */,
				3F1CBA9E222BA75400821988 /* LazyPomodoroTests */,
				3F1CBAA9222BA75400821988 /* LazyPomodoroUITests */,
			);
		};
/* End PBXProject section */

/* Begin PBXResourcesBuildPhase section */
		3F1CBA89222BA75400821988 /* Resources */ = {
			isa = PBXResourcesBuildPhase;
			buildActionMask = 2147483647;
			files = (
				3F1CBA99222BA75400821988 /* LaunchScreen.storyboard in Resources */,
				3F1CBA96222BA75400821988 /* Assets.xcassets in Resources */,
				3F1CBA94222BA75400821988 /* Main.storyboard in Resources */,
			);
			runOnlyForDeploymentPostprocessing = 0;
		};
		3F1CBA9D222BA75400821988 /* Resources */ = {
			isa = PBXResourcesBuildPhase;
			buildActionMask = 2147483647;
			files = (
			);
			runOnlyForDeploymentPostprocessing = 0;
		};
		3F1CBAA8222BA75400821988 /* Resources */ = {
			isa = PBXResourcesBuildPhase;
			buildActionMask = 2147483647;
			files = (
			);
			runOnlyForDeploymentPostprocessing = 0;
		};
/* End PBXResourcesBuildPhase section */

/* Begin PBXShellScriptBuildPhase section */
		0BA07661EF6AB3DB177D6FCB /* [CP] Check Pods Manifest.lock */ = {
			isa = PBXShellScriptBuildPhase;
			buildActionMask = 2147483647;
			files = (
			);
			inputFileListPaths = (
			);
			inputPaths = (
				"${PODS_PODFILE_DIR_PATH}/Podfile.lock",
				"${PODS_ROOT}/Manifest.lock",
			);
			name = "[CP] Check Pods Manifest.lock";
			outputFileListPaths = (
			);
			outputPaths = (
				"$(DERIVED_FILE_DIR)/Pods-LazyPomodoro-checkManifestLockResult.txt",
			);
			runOnlyForDeploymentPostprocessing = 0;
			shellPath = /bin/sh;
			shellScript = "diff \"${PODS_PODFILE_DIR_PATH}/Podfile.lock\" \"${PODS_ROOT}/Manifest.lock\" > /dev/null\nif [ $? != 0 ] ; then\n    # print error to STDERR\n    echo \"error: The sandbox is not in sync with the Podfile.lock. Run 'pod install' or update your CocoaPods installation.\" >&2\n    exit 1\nfi\n# This output is used by Xcode 'outputs' to avoid re-running this script phase.\necho \"SUCCESS\" > \"${SCRIPT_OUTPUT_FILE_0}\"\n";
			showEnvVarsInLog = 0;
		};
		8656929AE16B073AB8BF04EA /* [CP] Embed Pods Frameworks */ = {
			isa = PBXShellScriptBuildPhase;
			buildActionMask = 2147483647;
			files = (
			);
			inputFileListPaths = (
				"${PODS_ROOT}/Target Support Files/Pods-LazyPomodoro/Pods-LazyPomodoro-frameworks-${CONFIGURATION}-input-files.xcfilelist",
			);
			name = "[CP] Embed Pods Frameworks";
			outputFileListPaths = (
				"${PODS_ROOT}/Target Support Files/Pods-LazyPomodoro/Pods-LazyPomodoro-frameworks-${CONFIGURATION}-output-files.xcfilelist",
			);
			runOnlyForDeploymentPostprocessing = 0;
			shellPath = /bin/sh;
			shellScript = "\"${PODS_ROOT}/Target Support Files/Pods-LazyPomodoro/Pods-LazyPomodoro-frameworks.sh\"\n";
			showEnvVarsInLog = 0;
		};
		8F7D0CA6E992934A3D833079 /* [CP] Check Pods Manifest.lock */ = {
			isa = PBXShellScriptBuildPhase;
			buildActionMask = 2147483647;
			files = (
			);
			inputFileListPaths = (
			);
			inputPaths = (
				"${PODS_PODFILE_DIR_PATH}/Podfile.lock",
				"${PODS_ROOT}/Manifest.lock",
			);
			name = "[CP] Check Pods Manifest.lock";
			outputFileListPaths = (
			);
			outputPaths = (
				"$(DERIVED_FILE_DIR)/Pods-LazyPomodoroTests-checkManifestLockResult.txt",
			);
			runOnlyForDeploymentPostprocessing = 0;
			shellPath = /bin/sh;
			shellScript = "diff \"${PODS_PODFILE_DIR_PATH}/Podfile.lock\" \"${PODS_ROOT}/Manifest.lock\" > /dev/null\nif [ $? != 0 ] ; then\n    # print error to STDERR\n    echo \"error: The sandbox is not in sync with the Podfile.lock. Run 'pod install' or update your CocoaPods installation.\" >&2\n    exit 1\nfi\n# This output is used by Xcode 'outputs' to avoid re-running this script phase.\necho \"SUCCESS\" > \"${SCRIPT_OUTPUT_FILE_0}\"\n";
			showEnvVarsInLog = 0;
		};
		977344FE0A8FBE039A3ED8B7 /* [CP] Check Pods Manifest.lock */ = {
			isa = PBXShellScriptBuildPhase;
			buildActionMask = 2147483647;
			files = (
			);
			inputFileListPaths = (
			);
			inputPaths = (
				"${PODS_PODFILE_DIR_PATH}/Podfile.lock",
				"${PODS_ROOT}/Manifest.lock",
			);
			name = "[CP] Check Pods Manifest.lock";
			outputFileListPaths = (
			);
			outputPaths = (
				"$(DERIVED_FILE_DIR)/Pods-LazyPomodoroUITests-checkManifestLockResult.txt",
			);
			runOnlyForDeploymentPostprocessing = 0;
			shellPath = /bin/sh;
			shellScript = "diff \"${PODS_PODFILE_DIR_PATH}/Podfile.lock\" \"${PODS_ROOT}/Manifest.lock\" > /dev/null\nif [ $? != 0 ] ; then\n    # print error to STDERR\n    echo \"error: The sandbox is not in sync with the Podfile.lock. Run 'pod install' or update your CocoaPods installation.\" >&2\n    exit 1\nfi\n# This output is used by Xcode 'outputs' to avoid re-running this script phase.\necho \"SUCCESS\" > \"${SCRIPT_OUTPUT_FILE_0}\"\n";
			showEnvVarsInLog = 0;
		};
/* End PBXShellScriptBuildPhase section */

/* Begin PBXSourcesBuildPhase section */
		3F1CBA87222BA75400821988 /* Sources */ = {
			isa = PBXSourcesBuildPhase;
			buildActionMask = 2147483647;
			files = (
				3FFCF51522394D1D00F5E552 /* ModeViewModel.swift in Sources */,
				3FC01B1722A420F3003ECFD9 /* StatisticsControllerViewModel.swift in Sources */,
				3FE6CD5A222BE54B006B1C4A /* UIView+AppStyle.swift in Sources */,
				3FFCF51E223951E400F5E552 /* ViewModelProtocol.swift in Sources */,
				3F96E5DC2242A9A90094A6A9 /* ProgressStackViewModelProtocol.swift in Sources */,
				3FFCF519223950EA00F5E552 /* ViewModelsProvider.swift in Sources */,
				3F44A19322B29F1800DCB738 /* Log.swift in Sources */,
				3FC01B2122A42953003ECFD9 /* ProjectsViewController.swift in Sources */,
				3FDA05B7222E440900D65C51 /* TimerControllerViewModel.swift in Sources */,
				3FDA05BD222E45FB00D65C51 /* ScenesRouter.swift in Sources */,
				3F1CBA8F222BA75400821988 /* AppDelegate.swift in Sources */,
				3F20AE1F222D83AB00DB0A87 /* ProgressStackView.swift in Sources */,
				3FC01B1D22A428C7003ECFD9 /* ProjectsControllerViewModel.swift in Sources */,
				3F002F1A222F8F0F00B53C34 /* BindableTypeProtocol.swift in Sources */,
				3FDA05B4222E431700D65C51 /* Scene.swift in Sources */,
				3FC5E2EF224561490057D979 /* ProgressService.swift in Sources */,
				3F96E5DF2242AB740094A6A9 /* TodayProgressStackViewModel.swift in Sources */,
				3F9A29AA2231181F0006A3A4 /* Project.swift in Sources */,
				3FC01B1F22A428E0003ECFD9 /* SettingsControllerViewModel.swift in Sources */,
				3FE6CD58222BE013006B1C4A /* UIColor+AppStyle.swift in Sources */,
				3FDA05BF222E472A00D65C51 /* SceneTransitionType.swift in Sources */,
				3FC01B2322A4296B003ECFD9 /* SettingsViewController.swift in Sources */,
				3FFCF517223950E000F5E552 /* ScenesProvider.swift in Sources */,
				3F20AE1D222D826200DB0A87 /* StandardButton.swift in Sources */,
				3FFCF51C2239514500F5E552 /* ServicesProvider.swift in Sources */,
				3F96E5DA2242A81C0094A6A9 /* String+Formatting.swift in Sources */,
				3FDA05BB222E453F00D65C51 /* TimersViewController.swift in Sources */,
				3FFCF5212239569A00F5E552 /* TimerService.swift in Sources */,
				3FFCF51322394C2100F5E552 /* TimerProgressStackViewModel.swift in Sources */,
				3F96E5E12242ACA90094A6A9 /* GoalProgressStackViewModel.swift in Sources */,
				3FE6CD5C222BECD4006B1C4A /* UIFont+AppStyles.swift in Sources */,
				3FC01B1922A42146003ECFD9 /* StatisticsViewController.swift in Sources */,
			);
			runOnlyForDeploymentPostprocessing = 0;
		};
		3F1CBA9B222BA75400821988 /* Sources */ = {
			isa = PBXSourcesBuildPhase;
			buildActionMask = 2147483647;
			files = (
				3F1CBAA4222BA75400821988 /* LazyPomodoroTests.swift in Sources */,
			);
			runOnlyForDeploymentPostprocessing = 0;
		};
		3F1CBAA6222BA75400821988 /* Sources */ = {
			isa = PBXSourcesBuildPhase;
			buildActionMask = 2147483647;
			files = (
				3F1CBAAF222BA75400821988 /* LazyPomodoroUITests.swift in Sources */,
			);
			runOnlyForDeploymentPostprocessing = 0;
		};
/* End PBXSourcesBuildPhase section */

/* Begin PBXTargetDependency section */
		3F1CBAA1222BA75400821988 /* PBXTargetDependency */ = {
			isa = PBXTargetDependency;
			target = 3F1CBA8A222BA75400821988 /* LazyPomodoro */;
			targetProxy = 3F1CBAA0222BA75400821988 /* PBXContainerItemProxy */;
		};
		3F1CBAAC222BA75400821988 /* PBXTargetDependency */ = {
			isa = PBXTargetDependency;
			target = 3F1CBA8A222BA75400821988 /* LazyPomodoro */;
			targetProxy = 3F1CBAAB222BA75400821988 /* PBXContainerItemProxy */;
		};
/* End PBXTargetDependency section */

/* Begin PBXVariantGroup section */
		3F1CBA92222BA75400821988 /* Main.storyboard */ = {
			isa = PBXVariantGroup;
			children = (
				3F1CBA93222BA75400821988 /* Base */,
			);
			name = Main.storyboard;
			sourceTree = "<group>";
		};
		3F1CBA97222BA75400821988 /* LaunchScreen.storyboard */ = {
			isa = PBXVariantGroup;
			children = (
				3F1CBA98222BA75400821988 /* Base */,
			);
			name = LaunchScreen.storyboard;
			sourceTree = "<group>";
		};
/* End PBXVariantGroup section */

/* Begin XCBuildConfiguration section */
		3F1CBAB1222BA75500821988 /* Debug */ = {
			isa = XCBuildConfiguration;
			buildSettings = {
				ALWAYS_SEARCH_USER_PATHS = NO;
				CLANG_ANALYZER_NONNULL = YES;
				CLANG_ANALYZER_NUMBER_OBJECT_CONVERSION = YES_AGGRESSIVE;
				CLANG_CXX_LANGUAGE_STANDARD = "gnu++14";
				CLANG_CXX_LIBRARY = "libc++";
				CLANG_ENABLE_MODULES = YES;
				CLANG_ENABLE_OBJC_ARC = YES;
				CLANG_ENABLE_OBJC_WEAK = YES;
				CLANG_WARN_BLOCK_CAPTURE_AUTORELEASING = YES;
				CLANG_WARN_BOOL_CONVERSION = YES;
				CLANG_WARN_COMMA = YES;
				CLANG_WARN_CONSTANT_CONVERSION = YES;
				CLANG_WARN_DEPRECATED_OBJC_IMPLEMENTATIONS = YES;
				CLANG_WARN_DIRECT_OBJC_ISA_USAGE = YES_ERROR;
				CLANG_WARN_DOCUMENTATION_COMMENTS = YES;
				CLANG_WARN_EMPTY_BODY = YES;
				CLANG_WARN_ENUM_CONVERSION = YES;
				CLANG_WARN_INFINITE_RECURSION = YES;
				CLANG_WARN_INT_CONVERSION = YES;
				CLANG_WARN_NON_LITERAL_NULL_CONVERSION = YES;
				CLANG_WARN_OBJC_IMPLICIT_RETAIN_SELF = YES;
				CLANG_WARN_OBJC_LITERAL_CONVERSION = YES;
				CLANG_WARN_OBJC_ROOT_CLASS = YES_ERROR;
				CLANG_WARN_RANGE_LOOP_ANALYSIS = YES;
				CLANG_WARN_STRICT_PROTOTYPES = YES;
				CLANG_WARN_SUSPICIOUS_MOVE = YES;
				CLANG_WARN_UNGUARDED_AVAILABILITY = YES_AGGRESSIVE;
				CLANG_WARN_UNREACHABLE_CODE = YES;
				CLANG_WARN__DUPLICATE_METHOD_MATCH = YES;
				CODE_SIGN_IDENTITY = "iPhone Developer";
				COPY_PHASE_STRIP = NO;
				DEBUG_INFORMATION_FORMAT = dwarf;
				ENABLE_STRICT_OBJC_MSGSEND = YES;
				ENABLE_TESTABILITY = YES;
				GCC_C_LANGUAGE_STANDARD = gnu11;
				GCC_DYNAMIC_NO_PIC = NO;
				GCC_NO_COMMON_BLOCKS = YES;
				GCC_OPTIMIZATION_LEVEL = 0;
				GCC_PREPROCESSOR_DEFINITIONS = (
					"DEBUG=1",
					"$(inherited)",
				);
				GCC_WARN_64_TO_32_BIT_CONVERSION = YES;
				GCC_WARN_ABOUT_RETURN_TYPE = YES_ERROR;
				GCC_WARN_UNDECLARED_SELECTOR = YES;
				GCC_WARN_UNINITIALIZED_AUTOS = YES_AGGRESSIVE;
				GCC_WARN_UNUSED_FUNCTION = YES;
				GCC_WARN_UNUSED_VARIABLE = YES;
				IPHONEOS_DEPLOYMENT_TARGET = 12.1;
				MTL_ENABLE_DEBUG_INFO = INCLUDE_SOURCE;
				MTL_FAST_MATH = YES;
				ONLY_ACTIVE_ARCH = YES;
				SDKROOT = iphoneos;
				SWIFT_ACTIVE_COMPILATION_CONDITIONS = DEBUG;
				SWIFT_OPTIMIZATION_LEVEL = "-Onone";
			};
			name = Debug;
		};
		3F1CBAB2222BA75500821988 /* Release */ = {
			isa = XCBuildConfiguration;
			buildSettings = {
				ALWAYS_SEARCH_USER_PATHS = NO;
				CLANG_ANALYZER_NONNULL = YES;
				CLANG_ANALYZER_NUMBER_OBJECT_CONVERSION = YES_AGGRESSIVE;
				CLANG_CXX_LANGUAGE_STANDARD = "gnu++14";
				CLANG_CXX_LIBRARY = "libc++";
				CLANG_ENABLE_MODULES = YES;
				CLANG_ENABLE_OBJC_ARC = YES;
				CLANG_ENABLE_OBJC_WEAK = YES;
				CLANG_WARN_BLOCK_CAPTURE_AUTORELEASING = YES;
				CLANG_WARN_BOOL_CONVERSION = YES;
				CLANG_WARN_COMMA = YES;
				CLANG_WARN_CONSTANT_CONVERSION = YES;
				CLANG_WARN_DEPRECATED_OBJC_IMPLEMENTATIONS = YES;
				CLANG_WARN_DIRECT_OBJC_ISA_USAGE = YES_ERROR;
				CLANG_WARN_DOCUMENTATION_COMMENTS = YES;
				CLANG_WARN_EMPTY_BODY = YES;
				CLANG_WARN_ENUM_CONVERSION = YES;
				CLANG_WARN_INFINITE_RECURSION = YES;
				CLANG_WARN_INT_CONVERSION = YES;
				CLANG_WARN_NON_LITERAL_NULL_CONVERSION = YES;
				CLANG_WARN_OBJC_IMPLICIT_RETAIN_SELF = YES;
				CLANG_WARN_OBJC_LITERAL_CONVERSION = YES;
				CLANG_WARN_OBJC_ROOT_CLASS = YES_ERROR;
				CLANG_WARN_RANGE_LOOP_ANALYSIS = YES;
				CLANG_WARN_STRICT_PROTOTYPES = YES;
				CLANG_WARN_SUSPICIOUS_MOVE = YES;
				CLANG_WARN_UNGUARDED_AVAILABILITY = YES_AGGRESSIVE;
				CLANG_WARN_UNREACHABLE_CODE = YES;
				CLANG_WARN__DUPLICATE_METHOD_MATCH = YES;
				CODE_SIGN_IDENTITY = "iPhone Developer";
				COPY_PHASE_STRIP = NO;
				DEBUG_INFORMATION_FORMAT = "dwarf-with-dsym";
				ENABLE_NS_ASSERTIONS = NO;
				ENABLE_STRICT_OBJC_MSGSEND = YES;
				GCC_C_LANGUAGE_STANDARD = gnu11;
				GCC_NO_COMMON_BLOCKS = YES;
				GCC_WARN_64_TO_32_BIT_CONVERSION = YES;
				GCC_WARN_ABOUT_RETURN_TYPE = YES_ERROR;
				GCC_WARN_UNDECLARED_SELECTOR = YES;
				GCC_WARN_UNINITIALIZED_AUTOS = YES_AGGRESSIVE;
				GCC_WARN_UNUSED_FUNCTION = YES;
				GCC_WARN_UNUSED_VARIABLE = YES;
				IPHONEOS_DEPLOYMENT_TARGET = 12.1;
				MTL_ENABLE_DEBUG_INFO = NO;
				MTL_FAST_MATH = YES;
				SDKROOT = iphoneos;
				SWIFT_COMPILATION_MODE = wholemodule;
				SWIFT_OPTIMIZATION_LEVEL = "-O";
				VALIDATE_PRODUCT = YES;
			};
			name = Release;
		};
		3F1CBAB4222BA75500821988 /* Debug */ = {
			isa = XCBuildConfiguration;
			baseConfigurationReference = 6CA7E71FA5FAA126ACBF1E4F /* Pods-LazyPomodoro.debug.xcconfig */;
			buildSettings = {
				ASSETCATALOG_COMPILER_APPICON_NAME = AppIcon;
				CODE_SIGN_STYLE = Automatic;
				DEVELOPMENT_TEAM = 37QQLS7AS9;
				INFOPLIST_FILE = LazyPomodoro/Info.plist;
				IPHONEOS_DEPLOYMENT_TARGET = 12.0;
				LD_RUNPATH_SEARCH_PATHS = (
					"$(inherited)",
					"@executable_path/Frameworks",
				);
				PRODUCT_BUNDLE_IDENTIFIER = dreadnoughtdev.LazyPomodoro;
				PRODUCT_NAME = "$(TARGET_NAME)";
				SWIFT_VERSION = 5.0;
				TARGETED_DEVICE_FAMILY = 1;
			};
			name = Debug;
		};
		3F1CBAB5222BA75500821988 /* Release */ = {
			isa = XCBuildConfiguration;
			baseConfigurationReference = 435770F8BA117F49406500D6 /* Pods-LazyPomodoro.release.xcconfig */;
			buildSettings = {
				ASSETCATALOG_COMPILER_APPICON_NAME = AppIcon;
				CODE_SIGN_STYLE = Automatic;
				DEVELOPMENT_TEAM = 37QQLS7AS9;
				INFOPLIST_FILE = LazyPomodoro/Info.plist;
				IPHONEOS_DEPLOYMENT_TARGET = 12.0;
				LD_RUNPATH_SEARCH_PATHS = (
					"$(inherited)",
					"@executable_path/Frameworks",
				);
				PRODUCT_BUNDLE_IDENTIFIER = dreadnoughtdev.LazyPomodoro;
				PRODUCT_NAME = "$(TARGET_NAME)";
				SWIFT_VERSION = 5.0;
				TARGETED_DEVICE_FAMILY = 1;
			};
			name = Release;
		};
		3F1CBAB7222BA75500821988 /* Debug */ = {
			isa = XCBuildConfiguration;
			baseConfigurationReference = D6A86C20FA8B43C4E2B1C152 /* Pods-LazyPomodoroTests.debug.xcconfig */;
			buildSettings = {
				ALWAYS_EMBED_SWIFT_STANDARD_LIBRARIES = YES;
				BUNDLE_LOADER = "$(TEST_HOST)";
				CODE_SIGN_STYLE = Automatic;
				DEVELOPMENT_TEAM = 37QQLS7AS9;
				INFOPLIST_FILE = LazyPomodoroTests/Info.plist;
				LD_RUNPATH_SEARCH_PATHS = (
					"$(inherited)",
					"@executable_path/Frameworks",
					"@loader_path/Frameworks",
				);
				PRODUCT_BUNDLE_IDENTIFIER = dreadnoughtdev.LazyPomodoroTests;
				PRODUCT_NAME = "$(TARGET_NAME)";
				SWIFT_VERSION = 5.0;
				TARGETED_DEVICE_FAMILY = "1,2";
				TEST_HOST = "$(BUILT_PRODUCTS_DIR)/LazyPomodoro.app/LazyPomodoro";
			};
			name = Debug;
		};
		3F1CBAB8222BA75500821988 /* Release */ = {
			isa = XCBuildConfiguration;
			baseConfigurationReference = 4F22ACE051B63520D0448E5F /* Pods-LazyPomodoroTests.release.xcconfig */;
			buildSettings = {
				ALWAYS_EMBED_SWIFT_STANDARD_LIBRARIES = YES;
				BUNDLE_LOADER = "$(TEST_HOST)";
				CODE_SIGN_STYLE = Automatic;
				DEVELOPMENT_TEAM = 37QQLS7AS9;
				INFOPLIST_FILE = LazyPomodoroTests/Info.plist;
				LD_RUNPATH_SEARCH_PATHS = (
					"$(inherited)",
					"@executable_path/Frameworks",
					"@loader_path/Frameworks",
				);
				PRODUCT_BUNDLE_IDENTIFIER = dreadnoughtdev.LazyPomodoroTests;
				PRODUCT_NAME = "$(TARGET_NAME)";
				SWIFT_VERSION = 5.0;
				TARGETED_DEVICE_FAMILY = "1,2";
				TEST_HOST = "$(BUILT_PRODUCTS_DIR)/LazyPomodoro.app/LazyPomodoro";
			};
			name = Release;
		};
		3F1CBABA222BA75500821988 /* Debug */ = {
			isa = XCBuildConfiguration;
			baseConfigurationReference = D2BC73962B5835702F448242 /* Pods-LazyPomodoroUITests.debug.xcconfig */;
			buildSettings = {
				ALWAYS_EMBED_SWIFT_STANDARD_LIBRARIES = YES;
				CODE_SIGN_STYLE = Automatic;
				DEVELOPMENT_TEAM = 37QQLS7AS9;
				INFOPLIST_FILE = LazyPomodoroUITests/Info.plist;
				LD_RUNPATH_SEARCH_PATHS = (
					"$(inherited)",
					"@executable_path/Frameworks",
					"@loader_path/Frameworks",
				);
				PRODUCT_BUNDLE_IDENTIFIER = dreadnoughtdev.LazyPomodoroUITests;
				PRODUCT_NAME = "$(TARGET_NAME)";
				SWIFT_VERSION = 5.0;
				TARGETED_DEVICE_FAMILY = "1,2";
				TEST_TARGET_NAME = LazyPomodoro;
			};
			name = Debug;
		};
		3F1CBABB222BA75500821988 /* Release */ = {
			isa = XCBuildConfiguration;
			baseConfigurationReference = 9F1F6DEC28F2EC992CD714B5 /* Pods-LazyPomodoroUITests.release.xcconfig */;
			buildSettings = {
				ALWAYS_EMBED_SWIFT_STANDARD_LIBRARIES = YES;
				CODE_SIGN_STYLE = Automatic;
				DEVELOPMENT_TEAM = 37QQLS7AS9;
				INFOPLIST_FILE = LazyPomodoroUITests/Info.plist;
				LD_RUNPATH_SEARCH_PATHS = (
					"$(inherited)",
					"@executable_path/Frameworks",
					"@loader_path/Frameworks",
				);
				PRODUCT_BUNDLE_IDENTIFIER = dreadnoughtdev.LazyPomodoroUITests;
				PRODUCT_NAME = "$(TARGET_NAME)";
				SWIFT_VERSION = 5.0;
				TARGETED_DEVICE_FAMILY = "1,2";
				TEST_TARGET_NAME = LazyPomodoro;
			};
			name = Release;
		};
/* End XCBuildConfiguration section */

/* Begin XCConfigurationList section */
		3F1CBA86222BA75400821988 /* Build configuration list for PBXProject "LazyPomodoro" */ = {
			isa = XCConfigurationList;
			buildConfigurations = (
				3F1CBAB1222BA75500821988 /* Debug */,
				3F1CBAB2222BA75500821988 /* Release */,
			);
			defaultConfigurationIsVisible = 0;
			defaultConfigurationName = Release;
		};
		3F1CBAB3222BA75500821988 /* Build configuration list for PBXNativeTarget "LazyPomodoro" */ = {
			isa = XCConfigurationList;
			buildConfigurations = (
				3F1CBAB4222BA75500821988 /* Debug */,
				3F1CBAB5222BA75500821988 /* Release */,
			);
			defaultConfigurationIsVisible = 0;
			defaultConfigurationName = Release;
		};
		3F1CBAB6222BA75500821988 /* Build configuration list for PBXNativeTarget "LazyPomodoroTests" */ = {
			isa = XCConfigurationList;
			buildConfigurations = (
				3F1CBAB7222BA75500821988 /* Debug */,
				3F1CBAB8222BA75500821988 /* Release */,
			);
			defaultConfigurationIsVisible = 0;
			defaultConfigurationName = Release;
		};
		3F1CBAB9222BA75500821988 /* Build configuration list for PBXNativeTarget "LazyPomodoroUITests" */ = {
			isa = XCConfigurationList;
			buildConfigurations = (
				3F1CBABA222BA75500821988 /* Debug */,
				3F1CBABB222BA75500821988 /* Release */,
			);
			defaultConfigurationIsVisible = 0;
			defaultConfigurationName = Release;
		};
/* End XCConfigurationList section */
	};
	rootObject = 3F1CBA83222BA75400821988 /* Project object */;
}
